
Microsoft Visual Studio Solution File, Format Version 12.00
# Visual Studio Version 16
VisualStudioVersion = 16.0.31911.196
MinimumVisualStudioVersion = 10.0.40219.1
Project("{9A19103F-16F7-4668-BE54-9A1E7A4F7556}") = "REST", "REST.csproj", "{2463F269-6D8E-4236-9CB5-F2A1A92685D2}"
EndProject
Global
	GlobalSection(SolutionConfigurationPlatforms) = preSolution
		Debug|Any CPU = Debug|Any CPU
		Release|Any CPU = Release|Any CPU
	EndGlobalSection
	GlobalSection(ProjectConfigurationPlatforms) = postSolution
		{2463F269-6D8E-4236-9CB5-F2A1A92685D2}.Debug|Any CPU.ActiveCfg = Debug|Any CPU
		{2463F269-6D8E-4236-9CB5-F2A1A92685D2}.Debug|Any CPU.Build.0 = Debug|Any CPU
		{2463F269-6D8E-4236-9CB5-F2A1A92685D2}.Release|Any CPU.ActiveCfg = Release|Any CPU
		{2463F269-6D8E-4236-9CB5-F2A1A92685D2}.Release|Any CPU.Build.0 = Release|Any CPU
	EndGlobalSection
	GlobalSection(SolutionProperties) = preSolution
		HideSolutionNode = FALSE
	EndGlobalSection
	GlobalSection(ExtensibilityGlobals) = postSolution
		SolutionGuid = {1FF2682E-2D1E-4EA8-B0CC-4EE3A70DDA7D}
	EndGlobalSection
EndGlobal
